// !$*UTF8*$!
{
	archiveVersion = 1;
	classes = {
	};
	objectVersion = 77;
	objects = {

/* Begin PBXBuildFile section */
		BAD224F62FDDD76000B85914 /* FirebaseAI in Frameworks */ = {isa = PBXBuildFile; productRef = BAD224F52FDDD76000B85914 /* FirebaseAI */; };
		BAD224F82FDDD76000B85914 /* FirebaseAILogic in Frameworks */ = {isa = PBXBuildFile; productRef = BAD224F72FDDD76000B85914 /* FirebaseAILogic */; };
		BAD224FA2FDDD76000B85914 /* FirebaseAnalytics in Frameworks */ = {isa = PBXBuildFile; productRef = BAD224F92FDDD76000B85914 /* FirebaseAnalytics */; };
		BAD224FC2FDDD76000B85914 /* FirebaseAnalyticsCore in Frameworks */ = {isa = PBXBuildFile; productRef = BAD224FB2FDDD76000B85914 /* FirebaseAnalyticsCore */; };
		BAD224FE2FDDD76000B85914 /* FirebaseAnalyticsIdentitySupport in Frameworks */ = {isa = PBXBuildFile; productRef = BAD224FD2FDDD76000B85914 /* FirebaseAnalyticsIdentitySupport */; };
		BAD225002FDDD76000B85914 /* FirebaseAppCheck in Frameworks */ = {isa = PBXBuildFile; productRef = BAD224FF2FDDD76000B85914 /* FirebaseAppCheck */; };
		BAD225022FDDD76000B85914 /* FirebaseAppDistribution-Beta in Frameworks */ = {isa = PBXBuildFile; productRef = BAD225012FDDD76000B85914 /* FirebaseAppDistribution-Beta */; };
		BAD225042FDDD76000B85914 /* FirebaseAuth in Frameworks */ = {isa = PBXBuildFile; productRef = BAD225032FDDD76000B85914 /* FirebaseAuth */; };
		BAD225062FDDD76000B85914 /* FirebaseAuthCombine-Community in Frameworks */ = {isa = PBXBuildFile; productRef = BAD225052FDDD76000B85914 /* FirebaseAuthCombine-Community */; };
		BAD225082FDDD76000B85914 /* FirebaseCore in Frameworks */ = {isa = PBXBuildFile; productRef = BAD225072FDDD76000B85914 /* FirebaseCore */; };
		BAD2250A2FDDD76000B85914 /* FirebaseCrashlytics in Frameworks */ = {isa = PBXBuildFile; productRef = BAD225092FDDD76000B85914 /* FirebaseCrashlytics */; };
		BAD2250C2FDDD76000B85914 /* FirebaseDatabase in Frameworks */ = {isa = PBXBuildFile; productRef = BAD2250B2FDDD76000B85914 /* FirebaseDatabase */; };
		BAD2250E2FDDD76000B85914 /* FirebaseFirestore in Frameworks */ = {isa = PBXBuildFile; productRef = BAD2250D2FDDD76000B85914 /* FirebaseFirestore */; };
		BAD225102FDDD76000B85914 /* FirebaseFirestoreCombine-Community in Frameworks */ = {isa = PBXBuildFile; productRef = BAD2250F2FDDD76000B85914 /* FirebaseFirestoreCombine-Community */; };
		BAD225122FDDD76000B85914 /* FirebaseFunctions in Frameworks */ = {isa = PBXBuildFile; productRef = BAD225112FDDD76000B85914 /* FirebaseFunctions */; };
		BAD225142FDDD76000B85914 /* FirebaseFunctionsCombine-Community in Frameworks */ = {isa = PBXBuildFile; productRef = BAD225132FDDD76000B85914 /* FirebaseFunctionsCombine-Community */; };
		BAD225162FDDD76000B85914 /* FirebaseInAppMessaging-Beta in Frameworks */ = {isa = PBXBuildFile; productRef = BAD225152FDDD76000B85914 /* FirebaseInAppMessaging-Beta */; };
		BAD225182FDDD76000B85914 /* FirebaseInstallations in Frameworks */ = {isa = PBXBuildFile; productRef = BAD225172FDDD76000B85914 /* FirebaseInstallations */; };
		BAD2251A2FDDD76000B85914 /* FirebaseMLModelDownloader in Frameworks */ = {isa = PBXBuildFile; productRef = BAD225192FDDD76000B85914 /* FirebaseMLModelDownloader */; };
		BAD2251C2FDDD76000B85914 /* FirebaseMessaging in Frameworks */ = {isa = PBXBuildFile; productRef = BAD2251B2FDDD76000B85914 /* FirebaseMessaging */; };
		BAD2251E2FDDD76000B85914 /* FirebasePerformance in Frameworks */ = {isa = PBXBuildFile; productRef = BAD2251D2FDDD76000B85914 /* FirebasePerformance */; };
		BAD225202FDDD76000B85914 /* FirebaseRemoteConfig in Frameworks */ = {isa = PBXBuildFile; productRef = BAD2251F2FDDD76000B85914 /* FirebaseRemoteConfig */; };
		BAD225222FDDD76000B85914 /* FirebaseStorage in Frameworks */ = {isa = PBXBuildFile; productRef = BAD225212FDDD76000B85914 /* FirebaseStorage */; };
		BAD225242FDDD76000B85914 /* FirebaseStorageCombine-Community in Frameworks */ = {isa = PBXBuildFile; productRef = BAD225232FDDD76000B85914 /* FirebaseStorageCombine-Community */; };
/* End PBXBuildFile section */

/* Begin PBXFileReference section */
		BA4903CE2FC79ED7002651AF /* Track It.app */ = {isa = PBXFileReference; explicitFileType = wrapper.application; includeInIndex = 0; path = "Track It.app"; sourceTree = BUILT_PRODUCTS_DIR; };
/* End PBXFileReference section */

/* Begin PBXFileSystemSynchronizedRootGroup section */
		BA4903D02FC79ED7002651AF /* Track It */ = {
			isa = PBXFileSystemSynchronizedRootGroup;
			path = "Track It";
			sourceTree = "<group>";
		};
/* End PBXFileSystemSynchronizedRootGroup section */

/* Begin PBXFrameworksBuildPhase section */
		BA4903CB2FC79ED7002651AF /* Frameworks */ = {
			isa = PBXFrameworksBuildPhase;
			buildActionMask = 2147483647;
			files = (
				BAD225022FDDD76000B85914 /* FirebaseAppDistribution-Beta in Frameworks */,
				BAD2250E2FDDD76000B85914 /* FirebaseFirestore in Frameworks */,
				BAD225062FDDD76000B85914 /* FirebaseAuthCombine-Community in Frameworks */,
				BAD225182FDDD76000B85914 /* FirebaseInstallations in Frameworks */,
				BAD224F82FDDD76000B85914 /* FirebaseAILogic in Frameworks */,
				BAD224FE2FDDD76000B85914 /* FirebaseAnalyticsIdentitySupport in Frameworks */,
				BAD225162FDDD76000B85914 /* FirebaseInAppMessaging-Beta in Frameworks */,
				BAD224F62FDDD76000B85914 /* FirebaseAI in Frameworks */,
				BAD2250A2FDDD76000B85914 /* FirebaseCrashlytics in Frameworks */,
				BAD225142FDDD76000B85914 /* FirebaseFunctionsCombine-Community in Frameworks */,
				BAD225242FDDD76000B85914 /* FirebaseStorageCombine-Community in Frameworks */,
				BAD2250C2FDDD76000B85914 /* FirebaseDatabase in Frameworks */,
				BAD225222FDDD76000B85914 /* FirebaseStorage in Frameworks */,
				BAD225202FDDD76000B85914 /* FirebaseRemoteConfig in Frameworks */,
				BAD224FA2FDDD76000B85914 /* FirebaseAnalytics in Frameworks */,
				BAD2251C2FDDD76000B85914 /* FirebaseMessaging in Frameworks */,
				BAD2251A2FDDD76000B85914 /* FirebaseMLModelDownloader in Frameworks */,
				BAD2251E2FDDD76000B85914 /* FirebasePerformance in Frameworks */,
				BAD225082FDDD76000B85914 /* FirebaseCore in Frameworks */,
				BAD225002FDDD76000B85914 /* FirebaseAppCheck in Frameworks */,
				BAD224FC2FDDD76000B85914 /* FirebaseAnalyticsCore in Frameworks */,
				BAD225122FDDD76000B85914 /* FirebaseFunctions in Frameworks */,
				BAD225042FDDD76000B85914 /* FirebaseAuth in Frameworks */,
				BAD225102FDDD76000B85914 /* FirebaseFirestoreCombine-Community in Frameworks */,
			);
			runOnlyForDeploymentPostprocessing = 0;
		};
/* End PBXFrameworksBuildPhase section */

/* Begin PBXGroup section */
		BA4903C52FC79ED7002651AF = {
			isa = PBXGroup;
			children = (
				BA4903D02FC79ED7002651AF /* Track It */,
				BA4903CF2FC79ED7002651AF /* Products */,
			);
			sourceTree = "<group>";
		};
		BA4903CF2FC79ED7002651AF /* Products */ = {
			isa = PBXGroup;
			children = (
				BA4903CE2FC79ED7002651AF /* Track It.app */,
			);
			name = Products;
			sourceTree = "<group>";
		};
/* End PBXGroup section */

/* Begin PBXNativeTarget section */
		BA4903CD2FC79ED7002651AF /* Track It */ = {
			isa = PBXNativeTarget;
			buildConfigurationList = BA4903D92FC79ED8002651AF /* Build configuration list for PBXNativeTarget "Track It" */;
			buildPhases = (
				BA4903CA2FC79ED7002651AF /* Sources */,
				BA4903CB2FC79ED7002651AF /* Frameworks */,
				BA4903CC2FC79ED7002651AF /* Resources */,
			);
			buildRules = (
			);
			dependencies = (
			);
			fileSystemSynchronizedGroups = (
				BA4903D02FC79ED7002651AF /* Track It */,
			);
			name = "Track It";
			packageProductDependencies = (
				BAD224F52FDDD76000B85914 /* FirebaseAI */,
				BAD224F72FDDD76000B85914 /* FirebaseAILogic */,
				BAD224F92FDDD76000B85914 /* FirebaseAnalytics */,
				BAD224FB2FDDD76000B85914 /* FirebaseAnalyticsCore */,
				BAD224FD2FDDD76000B85914 /* FirebaseAnalyticsIdentitySupport */,
				BAD224FF2FDDD76000B85914 /* FirebaseAppCheck */,
				BAD225012FDDD76000B85914 /* FirebaseAppDistribution-Beta */,
				BAD225032FDDD76000B85914 /* FirebaseAuth */,
				BAD225052FDDD76000B85914 /* FirebaseAuthCombine-Community */,
				BAD225072FDDD76000B85914 /* FirebaseCore */,
				BAD225092FDDD76000B85914 /* FirebaseCrashlytics */,
				BAD2250B2FDDD76000B85914 /* FirebaseDatabase */,
				BAD2250D2FDDD76000B85914 /* FirebaseFirestore */,
				BAD2250F2FDDD76000B85914 /* FirebaseFirestoreCombine-Community */,
				BAD225112FDDD76000B85914 /* FirebaseFunctions */,
				BAD225132FDDD76000B85914 /* FirebaseFunctionsCombine-Community */,
				BAD225152FDDD76000B85914 /* FirebaseInAppMessaging-Beta */,
				BAD225172FDDD76000B85914 /* FirebaseInstallations */,
				BAD225192FDDD76000B85914 /* FirebaseMLModelDownloader */,
				BAD2251B2FDDD76000B85914 /* FirebaseMessaging */,
				BAD2251D2FDDD76000B85914 /* FirebasePerformance */,
				BAD2251F2FDDD76000B85914 /* FirebaseRemoteConfig */,
				BAD225212FDDD76000B85914 /* FirebaseStorage */,
				BAD225232FDDD76000B85914 /* FirebaseStorageCombine-Community */,
			);
			productName = "Track It";
			productReference = BA4903CE2FC79ED7002651AF /* Track It.app */;
			productType = "com.apple.product-type.application";
		};
/* End PBXNativeTarget section */

/* Begin PBXProject section */
		BA4903C62FC79ED7002651AF /* Project object */ = {
			isa = PBXProject;
			attributes = {
				BuildIndependentTargetsInParallel = 1;
				LastSwiftUpdateCheck = 2640;
				LastUpgradeCheck = 2640;
				TargetAttributes = {
					BA4903CD2FC79ED7002651AF = {
						CreatedOnToolsVersion = 26.4;
					};
				};
			};
			buildConfigurationList = BA4903C92FC79ED7002651AF /* Build configuration list for PBXProject "Track It" */;
			developmentRegion = en;
			hasScannedForEncodings = 0;
			knownRegions = (
				en,
				Base,
			);
			mainGroup = BA4903C52FC79ED7002651AF;
			minimizedProjectReferenceProxies = 1;
			packageReferences = (
				BAD224F42FDDD76000B85914 /* XCRemoteSwiftPackageReference "firebase-ios-sdk" */,
			);
			preferredProjectObjectVersion = 77;
			productRefGroup = BA4903CF2FC79ED7002651AF /* Products */;
			projectDirPath = "";
			projectRoot = "";
			targets = (
				BA4903CD2FC79ED7002651AF /* Track It */,
			);
		};
/* End PBXProject section */

/* Begin PBXResourcesBuildPhase section */
		BA4903CC2FC79ED7002651AF /* Resources */ = {
			isa = PBXResourcesBuildPhase;
			buildActionMask = 2147483647;
			files = (
			);
			runOnlyForDeploymentPostprocessing = 0;
		};
/* End PBXResourcesBuildPhase section */

/* Begin PBXSourcesBuildPhase section */
		BA4903CA2FC79ED7002651AF /* Sources */ = {
			isa = PBXSourcesBuildPhase;
			buildActionMask = 2147483647;
			files = (
			);
			runOnlyForDeploymentPostprocessing = 0;
		};
/* End PBXSourcesBuildPhase section */

/* Begin XCBuildConfiguration section */
		BA4903D72FC79ED8002651AF /* Debug */ = {
			isa = XCBuildConfiguration;
			buildSettings = {
				ALWAYS_SEARCH_USER_PATHS = NO;
				ASSETCATALOG_COMPILER_GENERATE_SWIFT_ASSET_SYMBOL_EXTENSIONS = YES;
				CLANG_ANALYZER_NONNULL = YES;
				CLANG_ANALYZER_NUMBER_OBJECT_CONVERSION = YES_AGGRESSIVE;
				CLANG_CXX_LANGUAGE_STANDARD = "gnu++20";
				CLANG_ENABLE_MODULES = YES;
				CLANG_ENABLE_OBJC_ARC = YES;
				CLANG_ENABLE_OBJC_WEAK = YES;
				CLANG_WARN_BLOCK_CAPTURE_AUTORELEASING = YES;
				CLANG_WARN_BOOL_CONVERSION = YES;
				CLANG_WARN_COMMA = YES;
				CLANG_WARN_CONSTANT_CONVERSION = YES;
				CLANG_WARN_DEPRECATED_OBJC_IMPLEMENTATIONS = YES;
				CLANG_WARN_DIRECT_OBJC_ISA_USAGE = YES_ERROR;
				CLANG_WARN_DOCUMENTATION_COMMENTS = YES;
				CLANG_WARN_EMPTY_BODY = YES;
				CLANG_WARN_ENUM_CONVERSION = YES;
				CLANG_WARN_INFINITE_RECURSION = YES;
				CLANG_WARN_INT_CONVERSION = YES;
				CLANG_WARN_NON_LITERAL_NULL_CONVERSION = YES;
				CLANG_WARN_OBJC_IMPLICIT_RETAIN_SELF = YES;
				CLANG_WARN_OBJC_LITERAL_CONVERSION = YES;
				CLANG_WARN_OBJC_ROOT_CLASS = YES_ERROR;
				CLANG_WARN_QUOTED_INCLUDE_IN_FRAMEWORK_HEADER = YES;
				CLANG_WARN_RANGE_LOOP_ANALYSIS = YES;
				CLANG_WARN_STRICT_PROTOTYPES = YES;
				CLANG_WARN_SUSPICIOUS_MOVE = YES;
				CLANG_WARN_UNGUARDED_AVAILABILITY = YES_AGGRESSIVE;
				CLANG_WARN_UNREACHABLE_CODE = YES;
				CLANG_WARN__DUPLICATE_METHOD_MATCH = YES;
				COPY_PHASE_STRIP = NO;
				DEBUG_INFORMATION_FORMAT = dwarf;
				DEVELOPMENT_TEAM = L25Z6CWBY4;
				ENABLE_STRICT_OBJC_MSGSEND = YES;
				ENABLE_TESTABILITY = YES;
				ENABLE_USER_SCRIPT_SANDBOXING = YES;
				GCC_C_LANGUAGE_STANDARD = gnu17;
				GCC_DYNAMIC_NO_PIC = NO;
				GCC_NO_COMMON_BLOCKS = YES;
				GCC_OPTIMIZATION_LEVEL = 0;
				GCC_PREPROCESSOR_DEFINITIONS = (
					"DEBUG=1",
					"$(inherited)",
				);
				GCC_WARN_64_TO_32_BIT_CONVERSION = YES;
				GCC_WARN_ABOUT_RETURN_TYPE = YES_ERROR;
				GCC_WARN_UNDECLARED_SELECTOR = YES;
				GCC_WARN_UNINITIALIZED_AUTOS = YES_AGGRESSIVE;
				GCC_WARN_UNUSED_FUNCTION = YES;
				GCC_WARN_UNUSED_VARIABLE = YES;
				IPHONEOS_DEPLOYMENT_TARGET = 26.4;
				LOCALIZATION_PREFERS_STRING_CATALOGS = YES;
				MTL_ENABLE_DEBUG_INFO = INCLUDE_SOURCE;
				MTL_FAST_MATH = YES;
				ONLY_ACTIVE_ARCH = YES;
				SDKROOT = iphoneos;
				SWIFT_ACTIVE_COMPILATION_CONDITIONS = "DEBUG $(inherited)";
				SWIFT_OPTIMIZATION_LEVEL = "-Onone";
			};
			name = Debug;
		};
		BA4903D82FC79ED8002651AF /* Release */ = {
			isa = XCBuildConfiguration;
			buildSettings = {
				ALWAYS_SEARCH_USER_PATHS = NO;
				ASSETCATALOG_COMPILER_GENERATE_SWIFT_ASSET_SYMBOL_EXTENSIONS = YES;
				CLANG_ANALYZER_NONNULL = YES;
				CLANG_ANALYZER_NUMBER_OBJECT_CONVERSION = YES_AGGRESSIVE;
				CLANG_CXX_LANGUAGE_STANDARD = "gnu++20";
				CLANG_ENABLE_MODULES = YES;
				CLANG_ENABLE_OBJC_ARC = YES;
				CLANG_ENABLE_OBJC_WEAK = YES;
				CLANG_WARN_BLOCK_CAPTURE_AUTORELEASING = YES;
				CLANG_WARN_BOOL_CONVERSION = YES;
				CLANG_WARN_COMMA = YES;
				CLANG_WARN_CONSTANT_CONVERSION = YES;
				CLANG_WARN_DEPRECATED_OBJC_IMPLEMENTATIONS = YES;
				CLANG_WARN_DIRECT_OBJC_ISA_USAGE = YES_ERROR;
				CLANG_WARN_DOCUMENTATION_COMMENTS = YES;
				CLANG_WARN_EMPTY_BODY = YES;
				CLANG_WARN_ENUM_CONVERSION = YES;
				CLANG_WARN_INFINITE_RECURSION = YES;
				CLANG_WARN_INT_CONVERSION = YES;
				CLANG_WARN_NON_LITERAL_NULL_CONVERSION = YES;
				CLANG_WARN_OBJC_IMPLICIT_RETAIN_SELF = YES;
				CLANG_WARN_OBJC_LITERAL_CONVERSION = YES;
				CLANG_WARN_OBJC_ROOT_CLASS = YES_ERROR;
				CLANG_WARN_QUOTED_INCLUDE_IN_FRAMEWORK_HEADER = YES;
				CLANG_WARN_RANGE_LOOP_ANALYSIS = YES;
				CLANG_WARN_STRICT_PROTOTYPES = YES;
				CLANG_WARN_SUSPICIOUS_MOVE = YES;
				CLANG_WARN_UNGUARDED_AVAILABILITY = YES_AGGRESSIVE;
				CLANG_WARN_UNREACHABLE_CODE = YES;
				CLANG_WARN__DUPLICATE_METHOD_MATCH = YES;
				COPY_PHASE_STRIP = NO;
				DEBUG_INFORMATION_FORMAT = "dwarf-with-dsym";
				DEVELOPMENT_TEAM = L25Z6CWBY4;
				ENABLE_NS_ASSERTIONS = NO;
				ENABLE_STRICT_OBJC_MSGSEND = YES;
				ENABLE_USER_SCRIPT_SANDBOXING = YES;
				GCC_C_LANGUAGE_STANDARD = gnu17;
				GCC_NO_COMMON_BLOCKS = YES;
				GCC_WARN_64_TO_32_BIT_CONVERSION = YES;
				GCC_WARN_ABOUT_RETURN_TYPE = YES_ERROR;
				GCC_WARN_UNDECLARED_SELECTOR = YES;
				GCC_WARN_UNINITIALIZED_AUTOS = YES_AGGRESSIVE;
				GCC_WARN_UNUSED_FUNCTION = YES;
				GCC_WARN_UNUSED_VARIABLE = YES;
				IPHONEOS_DEPLOYMENT_TARGET = 26.4;
				LOCALIZATION_PREFERS_STRING_CATALOGS = YES;
				MTL_ENABLE_DEBUG_INFO = NO;
				MTL_FAST_MATH = YES;
				SDKROOT = iphoneos;
				SWIFT_COMPILATION_MODE = wholemodule;
				VALIDATE_PRODUCT = YES;
			};
			name = Release;
		};
		BA4903DA2FC79ED8002651AF /* Debug */ = {
			isa = XCBuildConfiguration;
			buildSettings = {
				ASSETCATALOG_COMPILER_APPICON_NAME = AppIcon;
				ASSETCATALOG_COMPILER_GLOBAL_ACCENT_COLOR_NAME = AccentColor;
				CODE_SIGN_STYLE = Automatic;
				CURRENT_PROJECT_VERSION = 1;
				DEVELOPMENT_TEAM = L25Z6CWBY4;
				ENABLE_PREVIEWS = YES;
				GENERATE_INFOPLIST_FILE = YES;
				INFOPLIST_FILE = "Track-It-Info.plist";
				INFOPLIST_KEY_LSApplicationCategoryType = "";
				INFOPLIST_KEY_UIApplicationSceneManifest_Generation = YES;
				INFOPLIST_KEY_UIApplicationSupportsIndirectInputEvents = YES;
				INFOPLIST_KEY_UILaunchScreen_Generation = YES;
				INFOPLIST_KEY_UISupportedInterfaceOrientations_iPad = "UIInterfaceOrientationPortrait UIInterfaceOrientationPortraitUpsideDown UIInterfaceOrientationLandscapeLeft UIInterfaceOrientationLandscapeRight";
				INFOPLIST_KEY_UISupportedInterfaceOrientations_iPhone = "UIInterfaceOrientationPortrait UIInterfaceOrientationLandscapeLeft UIInterfaceOrientationLandscapeRight";
				LD_RUNPATH_SEARCH_PATHS = (
					"$(inherited)",
					"@executable_path/Frameworks",
				);
				MARKETING_VERSION = 1.0;
				PRODUCT_BUNDLE_IDENTIFIER = "maknight.Track-It";
				PRODUCT_NAME = "$(TARGET_NAME)";
				STRING_CATALOG_GENERATE_SYMBOLS = YES;
				SWIFT_APPROACHABLE_CONCURRENCY = YES;
				SWIFT_DEFAULT_ACTOR_ISOLATION = MainActor;
				SWIFT_EMIT_LOC_STRINGS = YES;
				SWIFT_UPCOMING_FEATURE_MEMBER_IMPORT_VISIBILITY = YES;
				SWIFT_VERSION = 5.0;
				TARGETED_DEVICE_FAMILY = "1,2";
			};
			name = Debug;
		};
		BA4903DB2FC79ED8002651AF /* Release */ = {
			isa = XCBuildConfiguration;
			buildSettings = {
				ASSETCATALOG_COMPILER_APPICON_NAME = AppIcon;
				ASSETCATALOG_COMPILER_GLOBAL_ACCENT_COLOR_NAME = AccentColor;
				CODE_SIGN_STYLE = Automatic;
				CURRENT_PROJECT_VERSION = 1;
				DEVELOPMENT_TEAM = L25Z6CWBY4;
				ENABLE_PREVIEWS = YES;
				GENERATE_INFOPLIST_FILE = YES;
				INFOPLIST_FILE = "Track-It-Info.plist";
				INFOPLIST_KEY_LSApplicationCategoryType = "";
				INFOPLIST_KEY_UIApplicationSceneManifest_Generation = YES;
				INFOPLIST_KEY_UIApplicationSupportsIndirectInputEvents = YES;
				INFOPLIST_KEY_UILaunchScreen_Generation = YES;
				INFOPLIST_KEY_UISupportedInterfaceOrientations_iPad = "UIInterfaceOrientationPortrait UIInterfaceOrientationPortraitUpsideDown UIInterfaceOrientationLandscapeLeft UIInterfaceOrientationLandscapeRight";
				INFOPLIST_KEY_UISupportedInterfaceOrientations_iPhone = "UIInterfaceOrientationPortrait UIInterfaceOrientationLandscapeLeft UIInterfaceOrientationLandscapeRight";
				LD_RUNPATH_SEARCH_PATHS = (
					"$(inherited)",
					"@executable_path/Frameworks",
				);
				MARKETING_VERSION = 1.0;
				PRODUCT_BUNDLE_IDENTIFIER = "maknight.Track-It";
				PRODUCT_NAME = "$(TARGET_NAME)";
				STRING_CATALOG_GENERATE_SYMBOLS = YES;
				SWIFT_APPROACHABLE_CONCURRENCY = YES;
				SWIFT_DEFAULT_ACTOR_ISOLATION = MainActor;
				SWIFT_EMIT_LOC_STRINGS = YES;
				SWIFT_UPCOMING_FEATURE_MEMBER_IMPORT_VISIBILITY = YES;
				SWIFT_VERSION = 5.0;
				TARGETED_DEVICE_FAMILY = "1,2";
			};
			name = Release;
		};
/* End XCBuildConfiguration section */

/* Begin XCConfigurationList section */
		BA4903C92FC79ED7002651AF /* Build configuration list for PBXProject "Track It" */ = {
			isa = XCConfigurationList;
			buildConfigurations = (
				BA4903D72FC79ED8002651AF /* Debug */,
				BA4903D82FC79ED8002651AF /* Release */,
			);
			defaultConfigurationIsVisible = 0;
			defaultConfigurationName = Release;
		};
		BA4903D92FC79ED8002651AF /* Build configuration list for PBXNativeTarget "Track It" */ = {
			isa = XCConfigurationList;
			buildConfigurations = (
				BA4903DA2FC79ED8002651AF /* Debug */,
				BA4903DB2FC79ED8002651AF /* Release */,
			);
			defaultConfigurationIsVisible = 0;
			defaultConfigurationName = Release;
		};
/* End XCConfigurationList section */

/* Begin XCRemoteSwiftPackageReference section */
		BAD224F42FDDD76000B85914 /* XCRemoteSwiftPackageReference "firebase-ios-sdk" */ = {
			isa = XCRemoteSwiftPackageReference;
			repositoryURL = "https://github.com/firebase/firebase-ios-sdk.git";
			requirement = {
				kind = upToNextMajorVersion;
				minimumVersion = 12.14.0;
			};
		};
/* End XCRemoteSwiftPackageReference section */

/* Begin XCSwiftPackageProductDependency section */
		BAD224F52FDDD76000B85914 /* FirebaseAI */ = {
			isa = XCSwiftPackageProductDependency;
			package = BAD224F42FDDD76000B85914 /* XCRemoteSwiftPackageReference "firebase-ios-sdk" */;
			productName = FirebaseAI;
		};
		BAD224F72FDDD76000B85914 /* FirebaseAILogic */ = {
			isa = XCSwiftPackageProductDependency;
			package = BAD224F42FDDD76000B85914 /* XCRemoteSwiftPackageReference "firebase-ios-sdk" */;
			productName = FirebaseAILogic;
		};
		BAD224F92FDDD76000B85914 /* FirebaseAnalytics */ = {
			isa = XCSwiftPackageProductDependency;
			package = BAD224F42FDDD76000B85914 /* XCRemoteSwiftPackageReference "firebase-ios-sdk" */;
			productName = FirebaseAnalytics;
		};
		BAD224FB2FDDD76000B85914 /* FirebaseAnalyticsCore */ = {
			isa = XCSwiftPackageProductDependency;
			package = BAD224F42FDDD76000B85914 /* XCRemoteSwiftPackageReference "firebase-ios-sdk" */;
			productName = FirebaseAnalyticsCore;
		};
		BAD224FD2FDDD76000B85914 /* FirebaseAnalyticsIdentitySupport */ = {
			isa = XCSwiftPackageProductDependency;
			package = BAD224F42FDDD76000B85914 /* XCRemoteSwiftPackageReference "firebase-ios-sdk" */;
			productName = FirebaseAnalyticsIdentitySupport;
		};
		BAD224FF2FDDD76000B85914 /* FirebaseAppCheck */ = {
			isa = XCSwiftPackageProductDependency;
			package = BAD224F42FDDD76000B85914 /* XCRemoteSwiftPackageReference "firebase-ios-sdk" */;
			productName = FirebaseAppCheck;
		};
		BAD225012FDDD76000B85914 /* FirebaseAppDistribution-Beta */ = {
			isa = XCSwiftPackageProductDependency;
			package = BAD224F42FDDD76000B85914 /* XCRemoteSwiftPackageReference "firebase-ios-sdk" */;
			productName = "FirebaseAppDistribution-Beta";
		};
		BAD225032FDDD76000B85914 /* FirebaseAuth */ = {
			isa = XCSwiftPackageProductDependency;
			package = BAD224F42FDDD76000B85914 /* XCRemoteSwiftPackageReference "firebase-ios-sdk" */;
			productName = FirebaseAuth;
		};
		BAD225052FDDD76000B85914 /* FirebaseAuthCombine-Community */ = {
			isa = XCSwiftPackageProductDependency;
			package = BAD224F42FDDD76000B85914 /* XCRemoteSwiftPackageReference "firebase-ios-sdk" */;
			productName = "FirebaseAuthCombine-Community";
		};
		BAD225072FDDD76000B85914 /* FirebaseCore */ = {
			isa = XCSwiftPackageProductDependency;
			package = BAD224F42FDDD76000B85914 /* XCRemoteSwiftPackageReference "firebase-ios-sdk" */;
			productName = FirebaseCore;
		};
		BAD225092FDDD76000B85914 /* FirebaseCrashlytics */ = {
			isa = XCSwiftPackageProductDependency;
			package = BAD224F42FDDD76000B85914 /* XCRemoteSwiftPackageReference "firebase-ios-sdk" */;
			productName = FirebaseCrashlytics;
		};
		BAD2250B2FDDD76000B85914 /* FirebaseDatabase */ = {
			isa = XCSwiftPackageProductDependency;
			package = BAD224F42FDDD76000B85914 /* XCRemoteSwiftPackageReference "firebase-ios-sdk" */;
			productName = FirebaseDatabase;
		};
		BAD2250D2FDDD76000B85914 /* FirebaseFirestore */ = {
			isa = XCSwiftPackageProductDependency;
			package = BAD224F42FDDD76000B85914 /* XCRemoteSwiftPackageReference "firebase-ios-sdk" */;
			productName = FirebaseFirestore;
		};
		BAD2250F2FDDD76000B85914 /* FirebaseFirestoreCombine-Community */ = {
			isa = XCSwiftPackageProductDependency;
			package = BAD224F42FDDD76000B85914 /* XCRemoteSwiftPackageReference "firebase-ios-sdk" */;
			productName = "FirebaseFirestoreCombine-Community";
		};
		BAD225112FDDD76000B85914 /* FirebaseFunctions */ = {
			isa = XCSwiftPackageProductDependency;
			package = BAD224F42FDDD76000B85914 /* XCRemoteSwiftPackageReference "firebase-ios-sdk" */;
			productName = FirebaseFunctions;
		};
		BAD225132FDDD76000B85914 /* FirebaseFunctionsCombine-Community */ = {
			isa = XCSwiftPackageProductDependency;
			package = BAD224F42FDDD76000B85914 /* XCRemoteSwiftPackageReference "firebase-ios-sdk" */;
			productName = "FirebaseFunctionsCombine-Community";
		};
		BAD225152FDDD76000B85914 /* FirebaseInAppMessaging-Beta */ = {
			isa = XCSwiftPackageProductDependency;
			package = BAD224F42FDDD76000B85914 /* XCRemoteSwiftPackageReference "firebase-ios-sdk" */;
			productName = "FirebaseInAppMessaging-Beta";
		};
		BAD225172FDDD76000B85914 /* FirebaseInstallations */ = {
			isa = XCSwiftPackageProductDependency;
			package = BAD224F42FDDD76000B85914 /* XCRemoteSwiftPackageReference "firebase-ios-sdk" */;
			productName = FirebaseInstallations;
		};
		BAD225192FDDD76000B85914 /* FirebaseMLModelDownloader */ = {
			isa = XCSwiftPackageProductDependency;
			package = BAD224F42FDDD76000B85914 /* XCRemoteSwiftPackageReference "firebase-ios-sdk" */;
			productName = FirebaseMLModelDownloader;
		};
		BAD2251B2FDDD76000B85914 /* FirebaseMessaging */ = {
			isa = XCSwiftPackageProductDependency;
			package = BAD224F42FDDD76000B85914 /* XCRemoteSwiftPackageReference "firebase-ios-sdk" */;
			productName = FirebaseMessaging;
		};
		BAD2251D2FDDD76000B85914 /* FirebasePerformance */ = {
			isa = XCSwiftPackageProductDependency;
			package = BAD224F42FDDD76000B85914 /* XCRemoteSwiftPackageReference "firebase-ios-sdk" */;
			productName = FirebasePerformance;
		};
		BAD2251F2FDDD76000B85914 /* FirebaseRemoteConfig */ = {
			isa = XCSwiftPackageProductDependency;
			package = BAD224F42FDDD76000B85914 /* XCRemoteSwiftPackageReference "firebase-ios-sdk" */;
			productName = FirebaseRemoteConfig;
		};
		BAD225212FDDD76000B85914 /* FirebaseStorage */ = {
			isa = XCSwiftPackageProductDependency;
			package = BAD224F42FDDD76000B85914 /* XCRemoteSwiftPackageReference "firebase-ios-sdk" */;
			productName = FirebaseStorage;
		};
		BAD225232FDDD76000B85914 /* FirebaseStorageCombine-Community */ = {
			isa = XCSwiftPackageProductDependency;
			package = BAD224F42FDDD76000B85914 /* XCRemoteSwiftPackageReference "firebase-ios-sdk" */;
			productName = "FirebaseStorageCombine-Community";
		};
/* End XCSwiftPackageProductDependency section */
	};
	rootObject = BA4903C62FC79ED7002651AF /* Project object */;
}
